
Microsoft Visual Studio Solution File, Format Version 12.00
# Visual Studio Version 17
VisualStudioVersion = 17.1.32228.430
MinimumVisualStudioVersion = 10.0.40219.1
Project("{FAE04EC0-301F-11D3-BF4B-00C04F79EFBC}") = "InventoryManagementApp", "InventoryManagementApp.csproj", "{DC9B38CA-FAF6-4E0D-A22D-A03E71A76B6F}"
EndProject
Global
	GlobalSection(SolutionConfigurationPlatforms) = preSolution
		Debug|Any CPU = Debug|Any CPU
		Release|Any CPU = Release|Any CPU
	EndGlobalSection
	GlobalSection(ProjectConfigurationPlatforms) = postSolution
		{DC9B38CA-FAF6-4E0D-A22D-A03E71A76B6F}.Debug|Any CPU.ActiveCfg = Debug|Any CPU
		{DC9B38CA-FAF6-4E0D-A22D-A03E71A76B6F}.Debug|Any CPU.Build.0 = Debug|Any CPU
		{DC9B38CA-FAF6-4E0D-A22D-A03E71A76B6F}.Release|Any CPU.ActiveCfg = Release|Any CPU
		{DC9B38CA-FAF6-4E0D-A22D-A03E71A76B6F}.Release|Any CPU.Build.0 = Release|Any CPU
	EndGlobalSection
	GlobalSection(SolutionProperties) = preSolution
		HideSolutionNode = FALSE
	EndGlobalSection
	GlobalSection(ExtensibilityGlobals) = postSolution
		SolutionGuid = {FDCFE9B3-84B6-4830-A616-24A2ED5384C2}
	EndGlobalSection
EndGlobal
